
Microsoft Visual Studio Solution File, Format Version 12.00
# Visual Studio Version 16
VisualStudioVersion = 16.0.32428.217
MinimumVisualStudioVersion = 10.0.40219.1
Project("{FAE04EC0-301F-11D3-BF4B-00C04F79EFBC}") = "classw List", "classw List\classw List.csproj", "{B755F7C6-B4FA-4BFA-9F35-91316EE47851}"
EndProject
Global
	GlobalSection(SolutionConfigurationPlatforms) = preSolution
		Debug|Any CPU = Debug|Any CPU
		Release|Any CPU = Release|Any CPU
	EndGlobalSection
	GlobalSection(ProjectConfigurationPlatforms) = postSolution
		{B755F7C6-B4FA-4BFA-9F35-91316EE47851}.Debug|Any CPU.ActiveCfg = Debug|Any CPU
		{B755F7C6-B4FA-4BFA-9F35-91316EE47851}.Debug|Any CPU.Build.0 = Debug|Any CPU
		{B755F7C6-B4FA-4BFA-9F35-91316EE47851}.Release|Any CPU.ActiveCfg = Release|Any CPU
		{B755F7C6-B4FA-4BFA-9F35-91316EE47851}.Release|Any CPU.Build.0 = Release|Any CPU
	EndGlobalSection
	GlobalSection(SolutionProperties) = preSolution
		HideSolutionNode = FALSE
	EndGlobalSection
	GlobalSection(ExtensibilityGlobals) = postSolution
		SolutionGuid = {236223B0-70B8-4153-BA07-A3265763D252}
	EndGlobalSection
EndGlobal
